// !$*UTF8*$!
{
	archiveVersion = 1;
	classes = {
	};
	objectVersion = 50;
	objects = {

/* Begin PBXBuildFile section */
		C310739C27103DF400EFFF91 /* ItemEditViewController.swift in Sources */ = {isa = PBXBuildFile; fileRef = C310739B27103DF400EFFF91 /* ItemEditViewController.swift */; };
		C32EDB8426FC904B00F6BC53 /* AppDelegate.swift in Sources */ = {isa = PBXBuildFile; fileRef = C32EDB8326FC904B00F6BC53 /* AppDelegate.swift */; };
		C32EDB8626FC904B00F6BC53 /* SceneDelegate.swift in Sources */ = {isa = PBXBuildFile; fileRef = C32EDB8526FC904B00F6BC53 /* SceneDelegate.swift */; };
		C32EDB8826FC904B00F6BC53 /* ItemListViewController.swift in Sources */ = {isa = PBXBuildFile; fileRef = C32EDB8726FC904B00F6BC53 /* ItemListViewController.swift */; };
		C32EDB8D26FC905100F6BC53 /* Assets.xcassets in Resources */ = {isa = PBXBuildFile; fileRef = C32EDB8C26FC905100F6BC53 /* Assets.xcassets */; };
		C32EDB9026FC905100F6BC53 /* LaunchScreen.storyboard in Resources */ = {isa = PBXBuildFile; fileRef = C32EDB8E26FC905100F6BC53 /* LaunchScreen.storyboard */; };
		C32EDBA626FC94D700F6BC53 /* PostItem.swift in Sources */ = {isa = PBXBuildFile; fileRef = C32EDBA526FC94D700F6BC53 /* PostItem.swift */; };
		C32EDBA826FC950000F6BC53 /* PatchItem.swift in Sources */ = {isa = PBXBuildFile; fileRef = C32EDBA726FC950000F6BC53 /* PatchItem.swift */; };
		C32EDBAA26FC951700F6BC53 /* DeleteItem.swift in Sources */ = {isa = PBXBuildFile; fileRef = C32EDBA926FC951700F6BC53 /* DeleteItem.swift */; };
		C32EDBAC26FC953E00F6BC53 /* Item.swift in Sources */ = {isa = PBXBuildFile; fileRef = C32EDBAB26FC953E00F6BC53 /* Item.swift */; };
		C32EDBAE26FC954500F6BC53 /* ItemList.swift in Sources */ = {isa = PBXBuildFile; fileRef = C32EDBAD26FC954500F6BC53 /* ItemList.swift */; };
		C32EDBBA26FC963A00F6BC53 /* DecodingTests.swift in Sources */ = {isa = PBXBuildFile; fileRef = C32EDBB926FC963A00F6BC53 /* DecodingTests.swift */; };
		C32EDBC226FC9E9300F6BC53 /* MultiPartForm.swift in Sources */ = {isa = PBXBuildFile; fileRef = C32EDBC126FC9E9300F6BC53 /* MultiPartForm.swift */; };
		C32EDBC426FD9BF400F6BC53 /* Data+Extension.swift in Sources */ = {isa = PBXBuildFile; fileRef = C32EDBC326FD9BF400F6BC53 /* Data+Extension.swift */; };
		C32EDBC626FDB11800F6BC53 /* MimeType.swift in Sources */ = {isa = PBXBuildFile; fileRef = C32EDBC526FDB11800F6BC53 /* MimeType.swift */; };
		C32EDBCE26FEB3DE00F6BC53 /* NetworkManager.swift in Sources */ = {isa = PBXBuildFile; fileRef = C32EDBCD26FEB3DE00F6BC53 /* NetworkManager.swift */; };
		C32EDBD126FEB64000F6BC53 /* NetworkError.swift in Sources */ = {isa = PBXBuildFile; fileRef = C32EDBD026FEB64000F6BC53 /* NetworkError.swift */; };
		C32EDBD326FEB88F00F6BC53 /* OpenMarketAPI.swift in Sources */ = {isa = PBXBuildFile; fileRef = C32EDBD226FEB88F00F6BC53 /* OpenMarketAPI.swift */; };
		C32EDBD526FEBC0C00F6BC53 /* HttpMethod.swift in Sources */ = {isa = PBXBuildFile; fileRef = C32EDBD426FEBC0C00F6BC53 /* HttpMethod.swift */; };
		C32EDBD726FF69EA00F6BC53 /* RequestMaker.swift in Sources */ = {isa = PBXBuildFile; fileRef = C32EDBD626FF69EA00F6BC53 /* RequestMaker.swift */; };
		C32EDBD92700023500F6BC53 /* NetworkManagerTest.swift in Sources */ = {isa = PBXBuildFile; fileRef = C32EDBD82700023500F6BC53 /* NetworkManagerTest.swift */; };
		C32EDBDC2700029400F6BC53 /* MockURLProtocol.swift in Sources */ = {isa = PBXBuildFile; fileRef = C32EDBDB2700029400F6BC53 /* MockURLProtocol.swift */; };
		C32EDBE027002B4600F6BC53 /* RequestMakerTest.swift in Sources */ = {isa = PBXBuildFile; fileRef = C32EDBDF27002B4600F6BC53 /* RequestMakerTest.swift */; };
		C339AEB42722821E00486F1D /* ItemDetailViewController+Style.swift in Sources */ = {isa = PBXBuildFile; fileRef = C339AEB32722821E00486F1D /* ItemDetailViewController+Style.swift */; };
		C33F1EE42719925B00BDCA35 /* ItemEditViewModelError.swift in Sources */ = {isa = PBXBuildFile; fileRef = C33F1EE32719925B00BDCA35 /* ItemEditViewModelError.swift */; };
		C33F1EE7271992AE00BDCA35 /* ItemEditNetoworkUseCaseProtocol.swift in Sources */ = {isa = PBXBuildFile; fileRef = C33F1EE6271992AE00BDCA35 /* ItemEditNetoworkUseCaseProtocol.swift */; };
		C33F1EE9271992DE00BDCA35 /* ItemEditUseCaseError.swift in Sources */ = {isa = PBXBuildFile; fileRef = C33F1EE8271992DE00BDCA35 /* ItemEditUseCaseError.swift */; };
		C33F1EEB2719931100BDCA35 /* ItemEditNetworkUseCase.swift in Sources */ = {isa = PBXBuildFile; fileRef = C33F1EEA2719931100BDCA35 /* ItemEditNetworkUseCase.swift */; };
		C33F1EED27199F1000BDCA35 /* ItemEditViewController+Style.swift in Sources */ = {isa = PBXBuildFile; fileRef = C33F1EEC27199F1000BDCA35 /* ItemEditViewController+Style.swift */; };
		C3441A8E271740B500D876B0 /* ItemDetailViewModel.swift in Sources */ = {isa = PBXBuildFile; fileRef = C3441A8D271740B500D876B0 /* ItemDetailViewModel.swift */; };
		C3441A9227184E0200D876B0 /* ItemNetworkUseCase.swift in Sources */ = {isa = PBXBuildFile; fileRef = C3441A9127184E0200D876B0 /* ItemNetworkUseCase.swift */; };
		C3441A9427184E1F00D876B0 /* ItemDetailViewModelError.swift in Sources */ = {isa = PBXBuildFile; fileRef = C3441A9327184E1F00D876B0 /* ItemDetailViewModelError.swift */; };
		C3441A9627184E3E00D876B0 /* ItemNetworkUseCaseError.swift in Sources */ = {isa = PBXBuildFile; fileRef = C3441A9527184E3E00D876B0 /* ItemNetworkUseCaseError.swift */; };
		C3441A9827184E5A00D876B0 /* ItemNetworkUseCaseProtocol.swift in Sources */ = {isa = PBXBuildFile; fileRef = C3441A9727184E5A00D876B0 /* ItemNetworkUseCaseProtocol.swift */; };
		C355A6892715BB3300AE2000 /* UIImage+Extension.swift in Sources */ = {isa = PBXBuildFile; fileRef = C355A6882715BB3300AE2000 /* UIImage+Extension.swift */; };
		C35943DA27059B1600146FFC /* ItemCellDisplayable.swift in Sources */ = {isa = PBXBuildFile; fileRef = C35943D927059B1600146FFC /* ItemCellDisplayable.swift */; };
		C35943E127059C4300146FFC /* ImageNetworkUseCaseProtocol.swift in Sources */ = {isa = PBXBuildFile; fileRef = C35943E027059C4300146FFC /* ImageNetworkUseCaseProtocol.swift */; };
		C35943E327059C9F00146FFC /* ImageNetworkUseCaseError.swift in Sources */ = {isa = PBXBuildFile; fileRef = C35943E227059C9F00146FFC /* ImageNetworkUseCaseError.swift */; };
		C35943E527059CD900146FFC /* ItemListUseCaseError.swift in Sources */ = {isa = PBXBuildFile; fileRef = C35943E427059CD900146FFC /* ItemListUseCaseError.swift */; };
		C35943E727059D6D00146FFC /* ItemListNetworkUseCaseProtocol.swift in Sources */ = {isa = PBXBuildFile; fileRef = C35943E627059D6D00146FFC /* ItemListNetworkUseCaseProtocol.swift */; };
		C35943EB27059F8000146FFC /* ItemListViewModelError.swift in Sources */ = {isa = PBXBuildFile; fileRef = C35943EA27059F8000146FFC /* ItemListViewModelError.swift */; };
		C35943EF27059FE300146FFC /* ItemListCellViewModelError.swift in Sources */ = {isa = PBXBuildFile; fileRef = C35943EE27059FE300146FFC /* ItemListCellViewModelError.swift */; };
		C35BE093271BDE0C001C5C9E /* UIViewController+Extension.swift in Sources */ = {isa = PBXBuildFile; fileRef = C35BE092271BDE0C001C5C9E /* UIViewController+Extension.swift */; };
		C36789C527268411003A00C9 /* PhotoCellViewModelTests.swift in Sources */ = {isa = PBXBuildFile; fileRef = C36789C427268411003A00C9 /* PhotoCellViewModelTests.swift */; };
		C37EA628270179C3000518A0 /* ItemListViewModel.swift in Sources */ = {isa = PBXBuildFile; fileRef = C37EA627270179C3000518A0 /* ItemListViewModel.swift */; };
		C37EA62A2702FA64000518A0 /* ItemListNetworkUseCase.swift in Sources */ = {isa = PBXBuildFile; fileRef = C37EA6292702FA64000518A0 /* ItemListNetworkUseCase.swift */; };
		C37EA62C2702FD6A000518A0 /* ItemListCollectionViewCell.swift in Sources */ = {isa = PBXBuildFile; fileRef = C37EA62B2702FD6A000518A0 /* ItemListCollectionViewCell.swift */; };
		C37EA62E2702FE91000518A0 /* ItemListCellViewModel.swift in Sources */ = {isa = PBXBuildFile; fileRef = C37EA62D2702FE91000518A0 /* ItemListCellViewModel.swift */; };
		C37EA63027033E0A000518A0 /* ImageNetworkUseCase.swift in Sources */ = {isa = PBXBuildFile; fileRef = C37EA62F27033E0A000518A0 /* ImageNetworkUseCase.swift */; };
		C37EA632270341C3000518A0 /* NSAttributedString+Extension.swift in Sources */ = {isa = PBXBuildFile; fileRef = C37EA631270341C3000518A0 /* NSAttributedString+Extension.swift */; };
		C37EA6342704444C000518A0 /* ItemGridCollectionViewCell.swift in Sources */ = {isa = PBXBuildFile; fileRef = C37EA6332704444C000518A0 /* ItemGridCollectionViewCell.swift */; };
		C3916AA62709F066005E5C24 /* Dummy.swift in Sources */ = {isa = PBXBuildFile; fileRef = C3916AA52709F066005E5C24 /* Dummy.swift */; };
		C3916AAA270A03FB005E5C24 /* ItemListViewModelTests.swift in Sources */ = {isa = PBXBuildFile; fileRef = C3916AA9270A03FB005E5C24 /* ItemListViewModelTests.swift */; };
		C3916AAE270AA2AD005E5C24 /* StubItemListNetworkUseCase.swift in Sources */ = {isa = PBXBuildFile; fileRef = C3916AAD270AA2AD005E5C24 /* StubItemListNetworkUseCase.swift */; };
		C3916AB0270ABE41005E5C24 /* ItemListCellViewModelTests.swift in Sources */ = {isa = PBXBuildFile; fileRef = C3916AAF270ABE41005E5C24 /* ItemListCellViewModelTests.swift */; };
		C3916AB2270ACE90005E5C24 /* StubImageNetworkUseCase.swift in Sources */ = {isa = PBXBuildFile; fileRef = C3916AB1270ACE90005E5C24 /* StubImageNetworkUseCase.swift */; };
		C3916AB4270AE441005E5C24 /* ItemListViewModelErrorTests.swift in Sources */ = {isa = PBXBuildFile; fileRef = C3916AB3270AE441005E5C24 /* ItemListViewModelErrorTests.swift */; };
		C3916AB6270AE823005E5C24 /* NetworkErrorTests.swift in Sources */ = {isa = PBXBuildFile; fileRef = C3916AB5270AE823005E5C24 /* NetworkErrorTests.swift */; };
		C3916AB8270AE950005E5C24 /* ItemListCellViewModelErrorTests.swift in Sources */ = {isa = PBXBuildFile; fileRef = C3916AB7270AE950005E5C24 /* ItemListCellViewModelErrorTests.swift */; };
		C3916ABA270AEB2C005E5C24 /* HttpMethodTests.swift in Sources */ = {isa = PBXBuildFile; fileRef = C3916AB9270AEB2C005E5C24 /* HttpMethodTests.swift */; };
		C3916ABC270AEE0A005E5C24 /* MimeTypeTests.swift in Sources */ = {isa = PBXBuildFile; fileRef = C3916ABB270AEE0A005E5C24 /* MimeTypeTests.swift */; };
		C3916ABE270AF154005E5C24 /* OpenMarketAPITests.swift in Sources */ = {isa = PBXBuildFile; fileRef = C3916ABD270AF154005E5C24 /* OpenMarketAPITests.swift */; };
		C3916AC3270B04F6005E5C24 /* ItemListNetworkUseCaseTests.swift in Sources */ = {isa = PBXBuildFile; fileRef = C3916AC2270B04F6005E5C24 /* ItemListNetworkUseCaseTests.swift */; };
		C3916AC5270B29CA005E5C24 /* StubNetworkManager.swift in Sources */ = {isa = PBXBuildFile; fileRef = C3916AC4270B29CA005E5C24 /* StubNetworkManager.swift */; };
		C3916AC7270B3B36005E5C24 /* ImageNetworkUseCaseTests.swift in Sources */ = {isa = PBXBuildFile; fileRef = C3916AC6270B3B36005E5C24 /* ImageNetworkUseCaseTests.swift */; };
		C3CDCEE2271728F500127636 /* ItemDetailViewController.swift in Sources */ = {isa = PBXBuildFile; fileRef = C3CDCEE1271728F500127636 /* ItemDetailViewController.swift */; };
		C3CDCEE42717291200127636 /* ItemDetailPhotoCollectionViewCell.swift in Sources */ = {isa = PBXBuildFile; fileRef = C3CDCEE32717291200127636 /* ItemDetailPhotoCollectionViewCell.swift */; };
		C3E76FC12712AFB600755E07 /* ItemEditPhotoCollectionViewCell.swift in Sources */ = {isa = PBXBuildFile; fileRef = C3E76FC02712AFB600755E07 /* ItemEditPhotoCollectionViewCell.swift */; };
		C3E76FCB2712D2AF00755E07 /* AddPhotoCollectionViewCell.swift in Sources */ = {isa = PBXBuildFile; fileRef = C3E76FCA2712D2AF00755E07 /* AddPhotoCollectionViewCell.swift */; };
		C3E76FD12712E79000755E07 /* PhotoCellViewModel.swift in Sources */ = {isa = PBXBuildFile; fileRef = C3E76FD02712E79000755E07 /* PhotoCellViewModel.swift */; };
		C3E76FD32712F56200755E07 /* ItemEditViewModel.swift in Sources */ = {isa = PBXBuildFile; fileRef = C3E76FD22712F56200755E07 /* ItemEditViewModel.swift */; };
		D0D420A34F274896FCE5389A /* Pods_OpenMarket.framework in Frameworks */ = {isa = PBXBuildFile; fileRef = 01C1CCCB9FD817E8E78A31D5 /* Pods_OpenMarket.framework */; };
/* End PBXBuildFile section */

/* Begin PBXContainerItemProxy section */
		C32EDBBC26FC963A00F6BC53 /* PBXContainerItemProxy */ = {
			isa = PBXContainerItemProxy;
			containerPortal = C32EDB7826FC904B00F6BC53 /* Project object */;
			proxyType = 1;
			remoteGlobalIDString = C32EDB7F26FC904B00F6BC53;
			remoteInfo = OpenMarket;
		};
/* End PBXContainerItemProxy section */

/* Begin PBXFileReference section */
		01C1CCCB9FD817E8E78A31D5 /* Pods_OpenMarket.framework */ = {isa = PBXFileReference; explicitFileType = wrapper.framework; includeInIndex = 0; path = Pods_OpenMarket.framework; sourceTree = BUILT_PRODUCTS_DIR; };
		1F53E3EC9B88F9C7C7D71BF7 /* Pods-OpenMarket.debug.xcconfig */ = {isa = PBXFileReference; includeInIndex = 1; lastKnownFileType = text.xcconfig; name = "Pods-OpenMarket.debug.xcconfig"; path = "Target Support Files/Pods-OpenMarket/Pods-OpenMarket.debug.xcconfig"; sourceTree = "<group>"; };
		61CDA78FE88213494D028A3D /* Pods-OpenMarket.release.xcconfig */ = {isa = PBXFileReference; includeInIndex = 1; lastKnownFileType = text.xcconfig; name = "Pods-OpenMarket.release.xcconfig"; path = "Target Support Files/Pods-OpenMarket/Pods-OpenMarket.release.xcconfig"; sourceTree = "<group>"; };
		C310739B27103DF400EFFF91 /* ItemEditViewController.swift */ = {isa = PBXFileReference; lastKnownFileType = sourcecode.swift; path = ItemEditViewController.swift; sourceTree = "<group>"; };
		C32EDB8026FC904B00F6BC53 /* OpenMarket.app */ = {isa = PBXFileReference; explicitFileType = wrapper.application; includeInIndex = 0; path = OpenMarket.app; sourceTree = BUILT_PRODUCTS_DIR; };
		C32EDB8326FC904B00F6BC53 /* AppDelegate.swift */ = {isa = PBXFileReference; lastKnownFileType = sourcecode.swift; path = AppDelegate.swift; sourceTree = "<group>"; };
		C32EDB8526FC904B00F6BC53 /* SceneDelegate.swift */ = {isa = PBXFileReference; lastKnownFileType = sourcecode.swift; path = SceneDelegate.swift; sourceTree = "<group>"; };
		C32EDB8726FC904B00F6BC53 /* ItemListViewController.swift */ = {isa = PBXFileReference; lastKnownFileType = sourcecode.swift; path = ItemListViewController.swift; sourceTree = "<group>"; };
		C32EDB8C26FC905100F6BC53 /* Assets.xcassets */ = {isa = PBXFileReference; lastKnownFileType = folder.assetcatalog; path = Assets.xcassets; sourceTree = "<group>"; };
		C32EDB8F26FC905100F6BC53 /* Base */ = {isa = PBXFileReference; lastKnownFileType = file.storyboard; name = Base; path = Base.lproj/LaunchScreen.storyboard; sourceTree = "<group>"; };
		C32EDB9126FC905100F6BC53 /* Info.plist */ = {isa = PBXFileReference; lastKnownFileType = text.plist.xml; path = Info.plist; sourceTree = "<group>"; };
		C32EDBA526FC94D700F6BC53 /* PostItem.swift */ = {isa = PBXFileReference; lastKnownFileType = sourcecode.swift; path = PostItem.swift; sourceTree = "<group>"; };
		C32EDBA726FC950000F6BC53 /* PatchItem.swift */ = {isa = PBXFileReference; lastKnownFileType = sourcecode.swift; path = PatchItem.swift; sourceTree = "<group>"; };
		C32EDBA926FC951700F6BC53 /* DeleteItem.swift */ = {isa = PBXFileReference; lastKnownFileType = sourcecode.swift; path = DeleteItem.swift; sourceTree = "<group>"; };
		C32EDBAB26FC953E00F6BC53 /* Item.swift */ = {isa = PBXFileReference; lastKnownFileType = sourcecode.swift; path = Item.swift; sourceTree = "<group>"; };
		C32EDBAD26FC954500F6BC53 /* ItemList.swift */ = {isa = PBXFileReference; lastKnownFileType = sourcecode.swift; path = ItemList.swift; sourceTree = "<group>"; };
		C32EDBB726FC963A00F6BC53 /* OpenMarketTests.xctest */ = {isa = PBXFileReference; explicitFileType = wrapper.cfbundle; includeInIndex = 0; path = OpenMarketTests.xctest; sourceTree = BUILT_PRODUCTS_DIR; };
		C32EDBB926FC963A00F6BC53 /* DecodingTests.swift */ = {isa = PBXFileReference; lastKnownFileType = sourcecode.swift; path = DecodingTests.swift; sourceTree = "<group>"; };
		C32EDBBB26FC963A00F6BC53 /* Info.plist */ = {isa = PBXFileReference; lastKnownFileType = text.plist.xml; path = Info.plist; sourceTree = "<group>"; };
		C32EDBC126FC9E9300F6BC53 /* MultiPartForm.swift */ = {isa = PBXFileReference; lastKnownFileType = sourcecode.swift; path = MultiPartForm.swift; sourceTree = "<group>"; };
		C32EDBC326FD9BF400F6BC53 /* Data+Extension.swift */ = {isa = PBXFileReference; lastKnownFileType = sourcecode.swift; path = "Data+Extension.swift"; sourceTree = "<group>"; };
		C32EDBC526FDB11800F6BC53 /* MimeType.swift */ = {isa = PBXFileReference; lastKnownFileType = sourcecode.swift; path = MimeType.swift; sourceTree = "<group>"; };
		C32EDBCD26FEB3DE00F6BC53 /* NetworkManager.swift */ = {isa = PBXFileReference; lastKnownFileType = sourcecode.swift; path = NetworkManager.swift; sourceTree = "<group>"; };
		C32EDBD026FEB64000F6BC53 /* NetworkError.swift */ = {isa = PBXFileReference; lastKnownFileType = sourcecode.swift; path = NetworkError.swift; sourceTree = "<group>"; };
		C32EDBD226FEB88F00F6BC53 /* OpenMarketAPI.swift */ = {isa = PBXFileReference; lastKnownFileType = sourcecode.swift; path = OpenMarketAPI.swift; sourceTree = "<group>"; };
		C32EDBD426FEBC0C00F6BC53 /* HttpMethod.swift */ = {isa = PBXFileReference; lastKnownFileType = sourcecode.swift; path = HttpMethod.swift; sourceTree = "<group>"; };
		C32EDBD626FF69EA00F6BC53 /* RequestMaker.swift */ = {isa = PBXFileReference; lastKnownFileType = sourcecode.swift; path = RequestMaker.swift; sourceTree = "<group>"; };
		C32EDBD82700023500F6BC53 /* NetworkManagerTest.swift */ = {isa = PBXFileReference; lastKnownFileType = sourcecode.swift; path = NetworkManagerTest.swift; sourceTree = "<group>"; };
		C32EDBDB2700029400F6BC53 /* MockURLProtocol.swift */ = {isa = PBXFileReference; lastKnownFileType = sourcecode.swift; path = MockURLProtocol.swift; sourceTree = "<group>"; };
		C32EDBDF27002B4600F6BC53 /* RequestMakerTest.swift */ = {isa = PBXFileReference; lastKnownFileType = sourcecode.swift; path = RequestMakerTest.swift; sourceTree = "<group>"; };
		C339AEB32722821E00486F1D /* ItemDetailViewController+Style.swift */ = {isa = PBXFileReference; lastKnownFileType = sourcecode.swift; path = "ItemDetailViewController+Style.swift"; sourceTree = "<group>"; };
		C33F1EE32719925B00BDCA35 /* ItemEditViewModelError.swift */ = {isa = PBXFileReference; lastKnownFileType = sourcecode.swift; path = ItemEditViewModelError.swift; sourceTree = "<group>"; };
		C33F1EE6271992AE00BDCA35 /* ItemEditNetoworkUseCaseProtocol.swift */ = {isa = PBXFileReference; lastKnownFileType = sourcecode.swift; path = ItemEditNetoworkUseCaseProtocol.swift; sourceTree = "<group>"; };
		C33F1EE8271992DE00BDCA35 /* ItemEditUseCaseError.swift */ = {isa = PBXFileReference; lastKnownFileType = sourcecode.swift; path = ItemEditUseCaseError.swift; sourceTree = "<group>"; };
		C33F1EEA2719931100BDCA35 /* ItemEditNetworkUseCase.swift */ = {isa = PBXFileReference; lastKnownFileType = sourcecode.swift; path = ItemEditNetworkUseCase.swift; sourceTree = "<group>"; };
		C33F1EEC27199F1000BDCA35 /* ItemEditViewController+Style.swift */ = {isa = PBXFileReference; lastKnownFileType = sourcecode.swift; path = "ItemEditViewController+Style.swift"; sourceTree = "<group>"; };
		C3441A8D271740B500D876B0 /* ItemDetailViewModel.swift */ = {isa = PBXFileReference; lastKnownFileType = sourcecode.swift; path = ItemDetailViewModel.swift; sourceTree = "<group>"; };
		C3441A9127184E0200D876B0 /* ItemNetworkUseCase.swift */ = {isa = PBXFileReference; lastKnownFileType = sourcecode.swift; path = ItemNetworkUseCase.swift; sourceTree = "<group>"; };
		C3441A9327184E1F00D876B0 /* ItemDetailViewModelError.swift */ = {isa = PBXFileReference; lastKnownFileType = sourcecode.swift; path = ItemDetailViewModelError.swift; sourceTree = "<group>"; };
		C3441A9527184E3E00D876B0 /* ItemNetworkUseCaseError.swift */ = {isa = PBXFileReference; lastKnownFileType = sourcecode.swift; path = ItemNetworkUseCaseError.swift; sourceTree = "<group>"; };
		C3441A9727184E5A00D876B0 /* ItemNetworkUseCaseProtocol.swift */ = {isa = PBXFileReference; lastKnownFileType = sourcecode.swift; path = ItemNetworkUseCaseProtocol.swift; sourceTree = "<group>"; };
		C355A6882715BB3300AE2000 /* UIImage+Extension.swift */ = {isa = PBXFileReference; lastKnownFileType = sourcecode.swift; path = "UIImage+Extension.swift"; sourceTree = "<group>"; };
		C35943D927059B1600146FFC /* ItemCellDisplayable.swift */ = {isa = PBXFileReference; lastKnownFileType = sourcecode.swift; path = ItemCellDisplayable.swift; sourceTree = "<group>"; };
		C35943E027059C4300146FFC /* ImageNetworkUseCaseProtocol.swift */ = {isa = PBXFileReference; lastKnownFileType = sourcecode.swift; path = ImageNetworkUseCaseProtocol.swift; sourceTree = "<group>"; };
		C35943E227059C9F00146FFC /* ImageNetworkUseCaseError.swift */ = {isa = PBXFileReference; lastKnownFileType = sourcecode.swift; path = ImageNetworkUseCaseError.swift; sourceTree = "<group>"; };
		C35943E427059CD900146FFC /* ItemListUseCaseError.swift */ = {isa = PBXFileReference; lastKnownFileType = sourcecode.swift; path = ItemListUseCaseError.swift; sourceTree = "<group>"; };
		C35943E627059D6D00146FFC /* ItemListNetworkUseCaseProtocol.swift */ = {isa = PBXFileReference; lastKnownFileType = sourcecode.swift; path = ItemListNetworkUseCaseProtocol.swift; sourceTree = "<group>"; };
		C35943EA27059F8000146FFC /* ItemListViewModelError.swift */ = {isa = PBXFileReference; lastKnownFileType = sourcecode.swift; path = ItemListViewModelError.swift; sourceTree = "<group>"; };
		C35943EE27059FE300146FFC /* ItemListCellViewModelError.swift */ = {isa = PBXFileReference; lastKnownFileType = sourcecode.swift; path = ItemListCellViewModelError.swift; sourceTree = "<group>"; };
		C35BE092271BDE0C001C5C9E /* UIViewController+Extension.swift */ = {isa = PBXFileReference; lastKnownFileType = sourcecode.swift; path = "UIViewController+Extension.swift"; sourceTree = "<group>"; };
		C36789C427268411003A00C9 /* PhotoCellViewModelTests.swift */ = {isa = PBXFileReference; lastKnownFileType = sourcecode.swift; path = PhotoCellViewModelTests.swift; sourceTree = "<group>"; };
		C37EA627270179C3000518A0 /* ItemListViewModel.swift */ = {isa = PBXFileReference; lastKnownFileType = sourcecode.swift; path = ItemListViewModel.swift; sourceTree = "<group>"; };
		C37EA6292702FA64000518A0 /* ItemListNetworkUseCase.swift */ = {isa = PBXFileReference; lastKnownFileType = sourcecode.swift; path = ItemListNetworkUseCase.swift; sourceTree = "<group>"; };
		C37EA62B2702FD6A000518A0 /* ItemListCollectionViewCell.swift */ = {isa = PBXFileReference; lastKnownFileType = sourcecode.swift; path = ItemListCollectionViewCell.swift; sourceTree = "<group>"; };
		C37EA62D2702FE91000518A0 /* ItemListCellViewModel.swift */ = {isa = PBXFileReference; lastKnownFileType = sourcecode.swift; path = ItemListCellViewModel.swift; sourceTree = "<group>"; };
		C37EA62F27033E0A000518A0 /* ImageNetworkUseCase.swift */ = {isa = PBXFileReference; lastKnownFileType = sourcecode.swift; path = ImageNetworkUseCase.swift; sourceTree = "<group>"; };
		C37EA631270341C3000518A0 /* NSAttributedString+Extension.swift */ = {isa = PBXFileReference; lastKnownFileType = sourcecode.swift; path = "NSAttributedString+Extension.swift"; sourceTree = "<group>"; };
		C37EA6332704444C000518A0 /* ItemGridCollectionViewCell.swift */ = {isa = PBXFileReference; lastKnownFileType = sourcecode.swift; path = ItemGridCollectionViewCell.swift; sourceTree = "<group>"; };
		C3916AA52709F066005E5C24 /* Dummy.swift */ = {isa = PBXFileReference; lastKnownFileType = sourcecode.swift; path = Dummy.swift; sourceTree = "<group>"; };
		C3916AA9270A03FB005E5C24 /* ItemListViewModelTests.swift */ = {isa = PBXFileReference; lastKnownFileType = sourcecode.swift; path = ItemListViewModelTests.swift; sourceTree = "<group>"; };
		C3916AAD270AA2AD005E5C24 /* StubItemListNetworkUseCase.swift */ = {isa = PBXFileReference; lastKnownFileType = sourcecode.swift; path = StubItemListNetworkUseCase.swift; sourceTree = "<group>"; };
		C3916AAF270ABE41005E5C24 /* ItemListCellViewModelTests.swift */ = {isa = PBXFileReference; lastKnownFileType = sourcecode.swift; path = ItemListCellViewModelTests.swift; sourceTree = "<group>"; };
		C3916AB1270ACE90005E5C24 /* StubImageNetworkUseCase.swift */ = {isa = PBXFileReference; lastKnownFileType = sourcecode.swift; path = StubImageNetworkUseCase.swift; sourceTree = "<group>"; };
		C3916AB3270AE441005E5C24 /* ItemListViewModelErrorTests.swift */ = {isa = PBXFileReference; lastKnownFileType = sourcecode.swift; path = ItemListViewModelErrorTests.swift; sourceTree = "<group>"; };
		C3916AB5270AE823005E5C24 /* NetworkErrorTests.swift */ = {isa = PBXFileReference; lastKnownFileType = sourcecode.swift; path = NetworkErrorTests.swift; sourceTree = "<group>"; };
		C3916AB7270AE950005E5C24 /* ItemListCellViewModelErrorTests.swift */ = {isa = PBXFileReference; lastKnownFileType = sourcecode.swift; path = ItemListCellViewModelErrorTests.swift; sourceTree = "<group>"; };
		C3916AB9270AEB2C005E5C24 /* HttpMethodTests.swift */ = {isa = PBXFileReference; lastKnownFileType = sourcecode.swift; path = HttpMethodTests.swift; sourceTree = "<group>"; };
		C3916ABB270AEE0A005E5C24 /* MimeTypeTests.swift */ = {isa = PBXFileReference; lastKnownFileType = sourcecode.swift; path = MimeTypeTests.swift; sourceTree = "<group>"; };
		C3916ABD270AF154005E5C24 /* OpenMarketAPITests.swift */ = {isa = PBXFileReference; lastKnownFileType = sourcecode.swift; path = OpenMarketAPITests.swift; sourceTree = "<group>"; };
		C3916AC2270B04F6005E5C24 /* ItemListNetworkUseCaseTests.swift */ = {isa = PBXFileReference; lastKnownFileType = sourcecode.swift; path = ItemListNetworkUseCaseTests.swift; sourceTree = "<group>"; };
		C3916AC4270B29CA005E5C24 /* StubNetworkManager.swift */ = {isa = PBXFileReference; lastKnownFileType = sourcecode.swift; path = StubNetworkManager.swift; sourceTree = "<group>"; };
		C3916AC6270B3B36005E5C24 /* ImageNetworkUseCaseTests.swift */ = {isa = PBXFileReference; lastKnownFileType = sourcecode.swift; path = ImageNetworkUseCaseTests.swift; sourceTree = "<group>"; };
		C3CDCEE1271728F500127636 /* ItemDetailViewController.swift */ = {isa = PBXFileReference; lastKnownFileType = sourcecode.swift; path = ItemDetailViewController.swift; sourceTree = "<group>"; };
		C3CDCEE32717291200127636 /* ItemDetailPhotoCollectionViewCell.swift */ = {isa = PBXFileReference; lastKnownFileType = sourcecode.swift; path = ItemDetailPhotoCollectionViewCell.swift; sourceTree = "<group>"; };
		C3E76FC02712AFB600755E07 /* ItemEditPhotoCollectionViewCell.swift */ = {isa = PBXFileReference; lastKnownFileType = sourcecode.swift; path = ItemEditPhotoCollectionViewCell.swift; sourceTree = "<group>"; };
		C3E76FCA2712D2AF00755E07 /* AddPhotoCollectionViewCell.swift */ = {isa = PBXFileReference; lastKnownFileType = sourcecode.swift; path = AddPhotoCollectionViewCell.swift; sourceTree = "<group>"; };
		C3E76FD02712E79000755E07 /* PhotoCellViewModel.swift */ = {isa = PBXFileReference; lastKnownFileType = sourcecode.swift; path = PhotoCellViewModel.swift; sourceTree = "<group>"; };
		C3E76FD22712F56200755E07 /* ItemEditViewModel.swift */ = {isa = PBXFileReference; lastKnownFileType = sourcecode.swift; path = ItemEditViewModel.swift; sourceTree = "<group>"; };
/* End PBXFileReference section */

/* Begin PBXFrameworksBuildPhase section */
		C32EDB7D26FC904B00F6BC53 /* Frameworks */ = {
			isa = PBXFrameworksBuildPhase;
			buildActionMask = 2147483647;
			files = (
				D0D420A34F274896FCE5389A /* Pods_OpenMarket.framework in Frameworks */,
			);
			runOnlyForDeploymentPostprocessing = 0;
		};
		C32EDBB426FC963A00F6BC53 /* Frameworks */ = {
			isa = PBXFrameworksBuildPhase;
			buildActionMask = 2147483647;
			files = (
			);
			runOnlyForDeploymentPostprocessing = 0;
		};
/* End PBXFrameworksBuildPhase section */

/* Begin PBXGroup section */
		9FF08ED109EB61840392B35B /* Frameworks */ = {
			isa = PBXGroup;
			children = (
				01C1CCCB9FD817E8E78A31D5 /* Pods_OpenMarket.framework */,
			);
			name = Frameworks;
			sourceTree = "<group>";
		};
		C24603AB74E0B4872DDBC291 /* Pods */ = {
			isa = PBXGroup;
			children = (
				1F53E3EC9B88F9C7C7D71BF7 /* Pods-OpenMarket.debug.xcconfig */,
				61CDA78FE88213494D028A3D /* Pods-OpenMarket.release.xcconfig */,
			);
			path = Pods;
			sourceTree = "<group>";
		};
		C3106B5027267A4F00CA4FD8 /* ItemListViewModel */ = {
			isa = PBXGroup;
			children = (
				C3916AA9270A03FB005E5C24 /* ItemListViewModelTests.swift */,
				C3916AB3270AE441005E5C24 /* ItemListViewModelErrorTests.swift */,
				C3916AC2270B04F6005E5C24 /* ItemListNetworkUseCaseTests.swift */,
			);
			path = ItemListViewModel;
			sourceTree = "<group>";
		};
		C3106B5127267F6600CA4FD8 /* PhotoCell */ = {
			isa = PBXGroup;
			children = (
				C36789C427268411003A00C9 /* PhotoCellViewModelTests.swift */,
			);
			path = PhotoCell;
			sourceTree = "<group>";
		};
		C3107399270F49C700EFFF91 /* Resource */ = {
			isa = PBXGroup;
			children = (
				C32EDB8C26FC905100F6BC53 /* Assets.xcassets */,
			);
			path = Resource;
			sourceTree = "<group>";
		};
		C310739A270F4A7500EFFF91 /* ItemListCell */ = {
			isa = PBXGroup;
			children = (
				C37EA62D2702FE91000518A0 /* ItemListCellViewModel.swift */,
				C35943EE27059FE300146FFC /* ItemListCellViewModelError.swift */,
				C35943DD27059BA700146FFC /* UseCase */,
			);
			path = ItemListCell;
			sourceTree = "<group>";
		};
		C32A71922714197A00E3B329 /* PhotoCell */ = {
			isa = PBXGroup;
			children = (
				C3E76FD02712E79000755E07 /* PhotoCellViewModel.swift */,
			);
			path = PhotoCell;
			sourceTree = "<group>";
		};
		C32A7193271419A800E3B329 /* ItemListViewController */ = {
			isa = PBXGroup;
			children = (
				C37EA627270179C3000518A0 /* ItemListViewModel.swift */,
				C35943EA27059F8000146FFC /* ItemListViewModelError.swift */,
				C35943DE27059BBB00146FFC /* UseCase */,
			);
			path = ItemListViewController;
			sourceTree = "<group>";
		};
		C32A719427141D8500E3B329 /* ItemEditViewController */ = {
			isa = PBXGroup;
			children = (
				C3E76FD22712F56200755E07 /* ItemEditViewModel.swift */,
				C33F1EE32719925B00BDCA35 /* ItemEditViewModelError.swift */,
				C33F1EE52719927800BDCA35 /* UseCase */,
			);
			path = ItemEditViewController;
			sourceTree = "<group>";
		};
		C32EDB7726FC904B00F6BC53 = {
			isa = PBXGroup;
			children = (
				C32EDB8226FC904B00F6BC53 /* OpenMarket */,
				C32EDBB826FC963A00F6BC53 /* OpenMarketTests */,
				C32EDB8126FC904B00F6BC53 /* Products */,
				C24603AB74E0B4872DDBC291 /* Pods */,
				9FF08ED109EB61840392B35B /* Frameworks */,
			);
			sourceTree = "<group>";
		};
		C32EDB8126FC904B00F6BC53 /* Products */ = {
			isa = PBXGroup;
			children = (
				C32EDB8026FC904B00F6BC53 /* OpenMarket.app */,
				C32EDBB726FC963A00F6BC53 /* OpenMarketTests.xctest */,
			);
			name = Products;
			sourceTree = "<group>";
		};
		C32EDB8226FC904B00F6BC53 /* OpenMarket */ = {
			isa = PBXGroup;
			children = (
				C3107399270F49C700EFFF91 /* Resource */,
				C32EDB9826FC929B00F6BC53 /* Source */,
				C32EDB9926FC92A100F6BC53 /* Storyboard */,
				C32EDB9126FC905100F6BC53 /* Info.plist */,
			);
			path = OpenMarket;
			sourceTree = "<group>";
		};
		C32EDB9826FC929B00F6BC53 /* Source */ = {
			isa = PBXGroup;
			children = (
				C35943DC27059B8900146FFC /* ViewModel */,
				C32EDB9D26FC92D100F6BC53 /* Extension */,
				C32EDB9B26FC92C000F6BC53 /* View */,
				C32EDB9A26FC92BA00F6BC53 /* Model */,
				C32EDB8326FC904B00F6BC53 /* AppDelegate.swift */,
				C32EDB8526FC904B00F6BC53 /* SceneDelegate.swift */,
			);
			path = Source;
			sourceTree = "<group>";
		};
		C32EDB9926FC92A100F6BC53 /* Storyboard */ = {
			isa = PBXGroup;
			children = (
				C32EDB8E26FC905100F6BC53 /* LaunchScreen.storyboard */,
			);
			path = Storyboard;
			sourceTree = "<group>";
		};
		C32EDB9A26FC92BA00F6BC53 /* Model */ = {
			isa = PBXGroup;
			children = (
				C32EDBA426FC949200F6BC53 /* Response */,
				C32EDBA226FC945000F6BC53 /* Request */,
				C32EDBA126FC944B00F6BC53 /* Network */,
			);
			path = Model;
			sourceTree = "<group>";
		};
		C32EDB9B26FC92C000F6BC53 /* View */ = {
			isa = PBXGroup;
			children = (
				C32EDB8726FC904B00F6BC53 /* ItemListViewController.swift */,
				C3CDCEE1271728F500127636 /* ItemDetailViewController.swift */,
				C339AEB32722821E00486F1D /* ItemDetailViewController+Style.swift */,
				C310739B27103DF400EFFF91 /* ItemEditViewController.swift */,
				C33F1EEC27199F1000BDCA35 /* ItemEditViewController+Style.swift */,
				C35943D827059AF800146FFC /* Cell */,
			);
			path = View;
			sourceTree = "<group>";
		};
		C32EDB9D26FC92D100F6BC53 /* Extension */ = {
			isa = PBXGroup;
			children = (
				C32EDBC326FD9BF400F6BC53 /* Data+Extension.swift */,
				C37EA631270341C3000518A0 /* NSAttributedString+Extension.swift */,
				C355A6882715BB3300AE2000 /* UIImage+Extension.swift */,
				C35BE092271BDE0C001C5C9E /* UIViewController+Extension.swift */,
			);
			path = Extension;
			sourceTree = "<group>";
		};
		C32EDBA126FC944B00F6BC53 /* Network */ = {
			isa = PBXGroup;
			children = (
				C35943DF27059BFA00146FFC /* Enum */,
				C32EDBCF26FEB63500F6BC53 /* Error */,
				C32EDBCD26FEB3DE00F6BC53 /* NetworkManager.swift */,
				C32EDBD626FF69EA00F6BC53 /* RequestMaker.swift */,
				C32EDBC126FC9E9300F6BC53 /* MultiPartForm.swift */,
			);
			path = Network;
			sourceTree = "<group>";
		};
		C32EDBA226FC945000F6BC53 /* Request */ = {
			isa = PBXGroup;
			children = (
				C32EDBA526FC94D700F6BC53 /* PostItem.swift */,
				C32EDBA726FC950000F6BC53 /* PatchItem.swift */,
				C32EDBA926FC951700F6BC53 /* DeleteItem.swift */,
			);
			name = Request;
			sourceTree = "<group>";
		};
		C32EDBA426FC949200F6BC53 /* Response */ = {
			isa = PBXGroup;
			children = (
				C32EDBAB26FC953E00F6BC53 /* Item.swift */,
				C32EDBAD26FC954500F6BC53 /* ItemList.swift */,
			);
			path = Response;
			sourceTree = "<group>";
		};
		C32EDBB826FC963A00F6BC53 /* OpenMarketTests */ = {
			isa = PBXGroup;
			children = (
				C3916AA82709F3F8005E5C24 /* ViewModel */,
				C3916AA72709F3E6005E5C24 /* Network */,
				C32EDBDA2700028100F6BC53 /* TestDoubles */,
				C32EDBBB26FC963A00F6BC53 /* Info.plist */,
			);
			path = OpenMarketTests;
			sourceTree = "<group>";
		};
		C32EDBCF26FEB63500F6BC53 /* Error */ = {
			isa = PBXGroup;
			children = (
				C32EDBD026FEB64000F6BC53 /* NetworkError.swift */,
			);
			path = Error;
			sourceTree = "<group>";
		};
		C32EDBDA2700028100F6BC53 /* TestDoubles */ = {
			isa = PBXGroup;
			children = (
				C32EDBDB2700029400F6BC53 /* MockURLProtocol.swift */,
				C3916AAD270AA2AD005E5C24 /* StubItemListNetworkUseCase.swift */,
				C3916AB1270ACE90005E5C24 /* StubImageNetworkUseCase.swift */,
				C3916AC4270B29CA005E5C24 /* StubNetworkManager.swift */,
				C3916AA52709F066005E5C24 /* Dummy.swift */,
			);
			path = TestDoubles;
			sourceTree = "<group>";
		};
		C33F1EE52719927800BDCA35 /* UseCase */ = {
			isa = PBXGroup;
			children = (
				C33F1EEA2719931100BDCA35 /* ItemEditNetworkUseCase.swift */,
				C33F1EE6271992AE00BDCA35 /* ItemEditNetoworkUseCaseProtocol.swift */,
				C33F1EE8271992DE00BDCA35 /* ItemEditUseCaseError.swift */,
			);
			path = UseCase;
			sourceTree = "<group>";
		};
		C3441A8C2717406800D876B0 /* ItemDetailViewController */ = {
			isa = PBXGroup;
			children = (
				C3441A8D271740B500D876B0 /* ItemDetailViewModel.swift */,
				C3441A9327184E1F00D876B0 /* ItemDetailViewModelError.swift */,
				C3441A9927184E7C00D876B0 /* UseCase */,
			);
			path = ItemDetailViewController;
			sourceTree = "<group>";
		};
		C3441A9927184E7C00D876B0 /* UseCase */ = {
			isa = PBXGroup;
			children = (
				C3441A9127184E0200D876B0 /* ItemNetworkUseCase.swift */,
				C3441A9727184E5A00D876B0 /* ItemNetworkUseCaseProtocol.swift */,
				C3441A9527184E3E00D876B0 /* ItemNetworkUseCaseError.swift */,
			);
			path = UseCase;
			sourceTree = "<group>";
		};
		C35943D827059AF800146FFC /* Cell */ = {
			isa = PBXGroup;
			children = (
				C37EA62B2702FD6A000518A0 /* ItemListCollectionViewCell.swift */,
				C3CDCEE32717291200127636 /* ItemDetailPhotoCollectionViewCell.swift */,
				C3E76FC02712AFB600755E07 /* ItemEditPhotoCollectionViewCell.swift */,
				C3E76FCA2712D2AF00755E07 /* AddPhotoCollectionViewCell.swift */,
				C37EA6332704444C000518A0 /* ItemGridCollectionViewCell.swift */,
				C35943D927059B1600146FFC /* ItemCellDisplayable.swift */,
			);
			path = Cell;
			sourceTree = "<group>";
		};
		C35943DC27059B8900146FFC /* ViewModel */ = {
			isa = PBXGroup;
			children = (
				C32A71922714197A00E3B329 /* PhotoCell */,
				C310739A270F4A7500EFFF91 /* ItemListCell */,
				C3441A8C2717406800D876B0 /* ItemDetailViewController */,
				C32A7193271419A800E3B329 /* ItemListViewController */,
				C32A719427141D8500E3B329 /* ItemEditViewController */,
			);
			path = ViewModel;
			sourceTree = "<group>";
		};
		C35943DD27059BA700146FFC /* UseCase */ = {
			isa = PBXGroup;
			children = (
				C37EA62F27033E0A000518A0 /* ImageNetworkUseCase.swift */,
				C35943E027059C4300146FFC /* ImageNetworkUseCaseProtocol.swift */,
				C35943E227059C9F00146FFC /* ImageNetworkUseCaseError.swift */,
			);
			path = UseCase;
			sourceTree = "<group>";
		};
		C35943DE27059BBB00146FFC /* UseCase */ = {
			isa = PBXGroup;
			children = (
				C37EA6292702FA64000518A0 /* ItemListNetworkUseCase.swift */,
				C35943E627059D6D00146FFC /* ItemListNetworkUseCaseProtocol.swift */,
				C35943E427059CD900146FFC /* ItemListUseCaseError.swift */,
			);
			path = UseCase;
			sourceTree = "<group>";
		};
		C35943DF27059BFA00146FFC /* Enum */ = {
			isa = PBXGroup;
			children = (
				C32EDBD426FEBC0C00F6BC53 /* HttpMethod.swift */,
				C32EDBD226FEB88F00F6BC53 /* OpenMarketAPI.swift */,
				C32EDBC526FDB11800F6BC53 /* MimeType.swift */,
			);
			path = Enum;
			sourceTree = "<group>";
		};
		C3916AA72709F3E6005E5C24 /* Network */ = {
			isa = PBXGroup;
			children = (
				C32EDBB926FC963A00F6BC53 /* DecodingTests.swift */,
				C3916AB9270AEB2C005E5C24 /* HttpMethodTests.swift */,
				C3916ABB270AEE0A005E5C24 /* MimeTypeTests.swift */,
				C3916ABD270AF154005E5C24 /* OpenMarketAPITests.swift */,
				C3916AB5270AE823005E5C24 /* NetworkErrorTests.swift */,
				C32EDBD82700023500F6BC53 /* NetworkManagerTest.swift */,
				C32EDBDF27002B4600F6BC53 /* RequestMakerTest.swift */,
			);
			path = Network;
			sourceTree = "<group>";
		};
		C3916AA82709F3F8005E5C24 /* ViewModel */ = {
			isa = PBXGroup;
			children = (
				C3106B5127267F6600CA4FD8 /* PhotoCell */,
				C3106B5027267A4F00CA4FD8 /* ItemListViewModel */,
				C3916ABF270AFB48005E5C24 /* ItemListCellViewModel */,
			);
			path = ViewModel;
			sourceTree = "<group>";
		};
		C3916ABF270AFB48005E5C24 /* ItemListCellViewModel */ = {
			isa = PBXGroup;
			children = (
				C3916AAF270ABE41005E5C24 /* ItemListCellViewModelTests.swift */,
				C3916AB7270AE950005E5C24 /* ItemListCellViewModelErrorTests.swift */,
				C3916AC6270B3B36005E5C24 /* ImageNetworkUseCaseTests.swift */,
			);
			path = ItemListCellViewModel;
			sourceTree = "<group>";
		};
/* End PBXGroup section */

/* Begin PBXNativeTarget section */
		C32EDB7F26FC904B00F6BC53 /* OpenMarket */ = {
			isa = PBXNativeTarget;
			buildConfigurationList = C32EDB9426FC905100F6BC53 /* Build configuration list for PBXNativeTarget "OpenMarket" */;
			buildPhases = (
				B4603A0A6A472CF03E9BB071 /* [CP] Check Pods Manifest.lock */,
				C32EDB7C26FC904B00F6BC53 /* Sources */,
				C32EDB7D26FC904B00F6BC53 /* Frameworks */,
				C32EDB7E26FC904B00F6BC53 /* Resources */,
				C32EDB9726FC90DC00F6BC53 /* ShellScript */,
			);
			buildRules = (
			);
			dependencies = (
			);
			name = OpenMarket;
			productName = OpenMarket;
			productReference = C32EDB8026FC904B00F6BC53 /* OpenMarket.app */;
			productType = "com.apple.product-type.application";
		};
		C32EDBB626FC963A00F6BC53 /* OpenMarketTests */ = {
			isa = PBXNativeTarget;
			buildConfigurationList = C32EDBBE26FC963A00F6BC53 /* Build configuration list for PBXNativeTarget "OpenMarketTests" */;
			buildPhases = (
				C32EDBB326FC963A00F6BC53 /* Sources */,
				C32EDBB426FC963A00F6BC53 /* Frameworks */,
				C32EDBB526FC963A00F6BC53 /* Resources */,
			);
			buildRules = (
			);
			dependencies = (
				C32EDBBD26FC963A00F6BC53 /* PBXTargetDependency */,
			);
			name = OpenMarketTests;
			productName = OpenMarketTests;
			productReference = C32EDBB726FC963A00F6BC53 /* OpenMarketTests.xctest */;
			productType = "com.apple.product-type.bundle.unit-test";
		};
/* End PBXNativeTarget section */

/* Begin PBXProject section */
		C32EDB7826FC904B00F6BC53 /* Project object */ = {
			isa = PBXProject;
			attributes = {
				LastSwiftUpdateCheck = 1250;
				LastUpgradeCheck = 1250;
				TargetAttributes = {
					C32EDB7F26FC904B00F6BC53 = {
						CreatedOnToolsVersion = 12.5;
					};
					C32EDBB626FC963A00F6BC53 = {
						CreatedOnToolsVersion = 12.5;
						TestTargetID = C32EDB7F26FC904B00F6BC53;
					};
				};
			};
			buildConfigurationList = C32EDB7B26FC904B00F6BC53 /* Build configuration list for PBXProject "OpenMarket" */;
			compatibilityVersion = "Xcode 9.3";
			developmentRegion = en;
			hasScannedForEncodings = 0;
			knownRegions = (
				en,
				Base,
			);
			mainGroup = C32EDB7726FC904B00F6BC53;
			productRefGroup = C32EDB8126FC904B00F6BC53 /* Products */;
			projectDirPath = "";
			projectRoot = "";
			targets = (
				C32EDB7F26FC904B00F6BC53 /* OpenMarket */,
				C32EDBB626FC963A00F6BC53 /* OpenMarketTests */,
			);
		};
/* End PBXProject section */

/* Begin PBXResourcesBuildPhase section */
		C32EDB7E26FC904B00F6BC53 /* Resources */ = {
			isa = PBXResourcesBuildPhase;
			buildActionMask = 2147483647;
			files = (
				C32EDB9026FC905100F6BC53 /* LaunchScreen.storyboard in Resources */,
				C32EDB8D26FC905100F6BC53 /* Assets.xcassets in Resources */,
			);
			runOnlyForDeploymentPostprocessing = 0;
		};
		C32EDBB526FC963A00F6BC53 /* Resources */ = {
			isa = PBXResourcesBuildPhase;
			buildActionMask = 2147483647;
			files = (
			);
			runOnlyForDeploymentPostprocessing = 0;
		};
/* End PBXResourcesBuildPhase section */

/* Begin PBXShellScriptBuildPhase section */
		B4603A0A6A472CF03E9BB071 /* [CP] Check Pods Manifest.lock */ = {
			isa = PBXShellScriptBuildPhase;
			buildActionMask = 2147483647;
			files = (
			);
			inputFileListPaths = (
			);
			inputPaths = (
				"${PODS_PODFILE_DIR_PATH}/Podfile.lock",
				"${PODS_ROOT}/Manifest.lock",
			);
			name = "[CP] Check Pods Manifest.lock";
			outputFileListPaths = (
			);
			outputPaths = (
				"$(DERIVED_FILE_DIR)/Pods-OpenMarket-checkManifestLockResult.txt",
			);
			runOnlyForDeploymentPostprocessing = 0;
			shellPath = /bin/sh;
			shellScript = "diff \"${PODS_PODFILE_DIR_PATH}/Podfile.lock\" \"${PODS_ROOT}/Manifest.lock\" > /dev/null\nif [ $? != 0 ] ; then\n    # print error to STDERR\n    echo \"error: The sandbox is not in sync with the Podfile.lock. Run 'pod install' or update your CocoaPods installation.\" >&2\n    exit 1\nfi\n# This output is used by Xcode 'outputs' to avoid re-running this script phase.\necho \"SUCCESS\" > \"${SCRIPT_OUTPUT_FILE_0}\"\n";
			showEnvVarsInLog = 0;
		};
		C32EDB9726FC90DC00F6BC53 /* ShellScript */ = {
			isa = PBXShellScriptBuildPhase;
			buildActionMask = 2147483647;
			files = (
			);
			inputFileListPaths = (
			);
			inputPaths = (
			);
			outputFileListPaths = (
			);
			outputPaths = (
			);
			runOnlyForDeploymentPostprocessing = 0;
			shellPath = /bin/sh;
			shellScript = "${PODS_ROOT}/SwiftLint/swiftlint\n";
		};
/* End PBXShellScriptBuildPhase section */

/* Begin PBXSourcesBuildPhase section */
		C32EDB7C26FC904B00F6BC53 /* Sources */ = {
			isa = PBXSourcesBuildPhase;
			buildActionMask = 2147483647;
			files = (
				C35943EB27059F8000146FFC /* ItemListViewModelError.swift in Sources */,
				C3441A9427184E1F00D876B0 /* ItemDetailViewModelError.swift in Sources */,
				C35943E127059C4300146FFC /* ImageNetworkUseCaseProtocol.swift in Sources */,
				C3E76FD12712E79000755E07 /* PhotoCellViewModel.swift in Sources */,
				C3E76FCB2712D2AF00755E07 /* AddPhotoCollectionViewCell.swift in Sources */,
				C32EDBA826FC950000F6BC53 /* PatchItem.swift in Sources */,
				C3441A9227184E0200D876B0 /* ItemNetworkUseCase.swift in Sources */,
				C37EA62E2702FE91000518A0 /* ItemListCellViewModel.swift in Sources */,
				C3E76FC12712AFB600755E07 /* ItemEditPhotoCollectionViewCell.swift in Sources */,
				C3CDCEE42717291200127636 /* ItemDetailPhotoCollectionViewCell.swift in Sources */,
				C32EDBD326FEB88F00F6BC53 /* OpenMarketAPI.swift in Sources */,
				C37EA63027033E0A000518A0 /* ImageNetworkUseCase.swift in Sources */,
				C32EDB8826FC904B00F6BC53 /* ItemListViewController.swift in Sources */,
				C32EDB8426FC904B00F6BC53 /* AppDelegate.swift in Sources */,
				C33F1EED27199F1000BDCA35 /* ItemEditViewController+Style.swift in Sources */,
				C37EA62C2702FD6A000518A0 /* ItemListCollectionViewCell.swift in Sources */,
				C32EDBC226FC9E9300F6BC53 /* MultiPartForm.swift in Sources */,
				C32EDBA626FC94D700F6BC53 /* PostItem.swift in Sources */,
				C339AEB42722821E00486F1D /* ItemDetailViewController+Style.swift in Sources */,
				C33F1EE42719925B00BDCA35 /* ItemEditViewModelError.swift in Sources */,
				C37EA62A2702FA64000518A0 /* ItemListNetworkUseCase.swift in Sources */,
				C35BE093271BDE0C001C5C9E /* UIViewController+Extension.swift in Sources */,
				C35943E727059D6D00146FFC /* ItemListNetworkUseCaseProtocol.swift in Sources */,
				C35943E327059C9F00146FFC /* ImageNetworkUseCaseError.swift in Sources */,
				C32EDBD726FF69EA00F6BC53 /* RequestMaker.swift in Sources */,
				C32EDBC626FDB11800F6BC53 /* MimeType.swift in Sources */,
				C3441A8E271740B500D876B0 /* ItemDetailViewModel.swift in Sources */,
				C33F1EEB2719931100BDCA35 /* ItemEditNetworkUseCase.swift in Sources */,
				C32EDBD526FEBC0C00F6BC53 /* HttpMethod.swift in Sources */,
				C35943E527059CD900146FFC /* ItemListUseCaseError.swift in Sources */,
				C35943DA27059B1600146FFC /* ItemCellDisplayable.swift in Sources */,
				C37EA632270341C3000518A0 /* NSAttributedString+Extension.swift in Sources */,
				C3E76FD32712F56200755E07 /* ItemEditViewModel.swift in Sources */,
				C33F1EE7271992AE00BDCA35 /* ItemEditNetoworkUseCaseProtocol.swift in Sources */,
				C355A6892715BB3300AE2000 /* UIImage+Extension.swift in Sources */,
				C32EDBAE26FC954500F6BC53 /* ItemList.swift in Sources */,
				C3CDCEE2271728F500127636 /* ItemDetailViewController.swift in Sources */,
				C32EDBD126FEB64000F6BC53 /* NetworkError.swift in Sources */,
				C3441A9627184E3E00D876B0 /* ItemNetworkUseCaseError.swift in Sources */,
				C3441A9827184E5A00D876B0 /* ItemNetworkUseCaseProtocol.swift in Sources */,
				C37EA6342704444C000518A0 /* ItemGridCollectionViewCell.swift in Sources */,
				C310739C27103DF400EFFF91 /* ItemEditViewController.swift in Sources */,
				C35943EF27059FE300146FFC /* ItemListCellViewModelError.swift in Sources */,
				C32EDBAC26FC953E00F6BC53 /* Item.swift in Sources */,
				C37EA628270179C3000518A0 /* ItemListViewModel.swift in Sources */,
				C32EDBCE26FEB3DE00F6BC53 /* NetworkManager.swift in Sources */,
				C32EDBC426FD9BF400F6BC53 /* Data+Extension.swift in Sources */,
				C32EDB8626FC904B00F6BC53 /* SceneDelegate.swift in Sources */,
				C33F1EE9271992DE00BDCA35 /* ItemEditUseCaseError.swift in Sources */,
				C32EDBAA26FC951700F6BC53 /* DeleteItem.swift in Sources */,
			);
			runOnlyForDeploymentPostprocessing = 0;
		};
		C32EDBB326FC963A00F6BC53 /* Sources */ = {
			isa = PBXSourcesBuildPhase;
			buildActionMask = 2147483647;
			files = (
				C3916AB8270AE950005E5C24 /* ItemListCellViewModelErrorTests.swift in Sources */,
				C32EDBDC2700029400F6BC53 /* MockURLProtocol.swift in Sources */,
				C3916AAE270AA2AD005E5C24 /* StubItemListNetworkUseCase.swift in Sources */,
				C3916AB6270AE823005E5C24 /* NetworkErrorTests.swift in Sources */,
				C3916AB2270ACE90005E5C24 /* StubImageNetworkUseCase.swift in Sources */,
				C3916AB0270ABE41005E5C24 /* ItemListCellViewModelTests.swift in Sources */,
				C3916ABA270AEB2C005E5C24 /* HttpMethodTests.swift in Sources */,
				C3916AC5270B29CA005E5C24 /* StubNetworkManager.swift in Sources */,
				C3916AC3270B04F6005E5C24 /* ItemListNetworkUseCaseTests.swift in Sources */,
				C32EDBBA26FC963A00F6BC53 /* DecodingTests.swift in Sources */,
				C3916ABE270AF154005E5C24 /* OpenMarketAPITests.swift in Sources */,
				C32EDBE027002B4600F6BC53 /* RequestMakerTest.swift in Sources */,
				C3916AC7270B3B36005E5C24 /* ImageNetworkUseCaseTests.swift in Sources */,
				C36789C527268411003A00C9 /* PhotoCellViewModelTests.swift in Sources */,
				C3916ABC270AEE0A005E5C24 /* MimeTypeTests.swift in Sources */,
				C3916AB4270AE441005E5C24 /* ItemListViewModelErrorTests.swift in Sources */,
				C3916AAA270A03FB005E5C24 /* ItemListViewModelTests.swift in Sources */,
				C3916AA62709F066005E5C24 /* Dummy.swift in Sources */,
				C32EDBD92700023500F6BC53 /* NetworkManagerTest.swift in Sources */,
			);
			runOnlyForDeploymentPostprocessing = 0;
		};
/* End PBXSourcesBuildPhase section */

/* Begin PBXTargetDependency section */
		C32EDBBD26FC963A00F6BC53 /* PBXTargetDependency */ = {
			isa = PBXTargetDependency;
			target = C32EDB7F26FC904B00F6BC53 /* OpenMarket */;
			targetProxy = C32EDBBC26FC963A00F6BC53 /* PBXContainerItemProxy */;
		};
/* End PBXTargetDependency section */

/* Begin PBXVariantGroup section */
		C32EDB8E26FC905100F6BC53 /* LaunchScreen.storyboard */ = {
			isa = PBXVariantGroup;
			children = (
				C32EDB8F26FC905100F6BC53 /* Base */,
			);
			name = LaunchScreen.storyboard;
			sourceTree = "<group>";
		};
/* End PBXVariantGroup section */

/* Begin XCBuildConfiguration section */
		C32EDB9226FC905100F6BC53 /* Debug */ = {
			isa = XCBuildConfiguration;
			buildSettings = {
				ALWAYS_SEARCH_USER_PATHS = NO;
				CLANG_ANALYZER_NONNULL = YES;
				CLANG_ANALYZER_NUMBER_OBJECT_CONVERSION = YES_AGGRESSIVE;
				CLANG_CXX_LANGUAGE_STANDARD = "gnu++14";
				CLANG_CXX_LIBRARY = "libc++";
				CLANG_ENABLE_MODULES = YES;
				CLANG_ENABLE_OBJC_ARC = YES;
				CLANG_ENABLE_OBJC_WEAK = YES;
				CLANG_WARN_BLOCK_CAPTURE_AUTORELEASING = YES;
				CLANG_WARN_BOOL_CONVERSION = YES;
				CLANG_WARN_COMMA = YES;
				CLANG_WARN_CONSTANT_CONVERSION = YES;
				CLANG_WARN_DEPRECATED_OBJC_IMPLEMENTATIONS = YES;
				CLANG_WARN_DIRECT_OBJC_ISA_USAGE = YES_ERROR;
				CLANG_WARN_DOCUMENTATION_COMMENTS = YES;
				CLANG_WARN_EMPTY_BODY = YES;
				CLANG_WARN_ENUM_CONVERSION = YES;
				CLANG_WARN_INFINITE_RECURSION = YES;
				CLANG_WARN_INT_CONVERSION = YES;
				CLANG_WARN_NON_LITERAL_NULL_CONVERSION = YES;
				CLANG_WARN_OBJC_IMPLICIT_RETAIN_SELF = YES;
				CLANG_WARN_OBJC_LITERAL_CONVERSION = YES;
				CLANG_WARN_OBJC_ROOT_CLASS = YES_ERROR;
				CLANG_WARN_QUOTED_INCLUDE_IN_FRAMEWORK_HEADER = YES;
				CLANG_WARN_RANGE_LOOP_ANALYSIS = YES;
				CLANG_WARN_STRICT_PROTOTYPES = YES;
				CLANG_WARN_SUSPICIOUS_MOVE = YES;
				CLANG_WARN_UNGUARDED_AVAILABILITY = YES_AGGRESSIVE;
				CLANG_WARN_UNREACHABLE_CODE = YES;
				CLANG_WARN__DUPLICATE_METHOD_MATCH = YES;
				COPY_PHASE_STRIP = NO;
				DEBUG_INFORMATION_FORMAT = dwarf;
				ENABLE_STRICT_OBJC_MSGSEND = YES;
				ENABLE_TESTABILITY = YES;
				GCC_C_LANGUAGE_STANDARD = gnu11;
				GCC_DYNAMIC_NO_PIC = NO;
				GCC_NO_COMMON_BLOCKS = YES;
				GCC_OPTIMIZATION_LEVEL = 0;
				GCC_PREPROCESSOR_DEFINITIONS = (
					"DEBUG=1",
					"$(inherited)",
				);
				GCC_WARN_64_TO_32_BIT_CONVERSION = YES;
				GCC_WARN_ABOUT_RETURN_TYPE = YES_ERROR;
				GCC_WARN_UNDECLARED_SELECTOR = YES;
				GCC_WARN_UNINITIALIZED_AUTOS = YES_AGGRESSIVE;
				GCC_WARN_UNUSED_FUNCTION = YES;
				GCC_WARN_UNUSED_VARIABLE = YES;
				IPHONEOS_DEPLOYMENT_TARGET = 14.1;
				MTL_ENABLE_DEBUG_INFO = INCLUDE_SOURCE;
				MTL_FAST_MATH = YES;
				ONLY_ACTIVE_ARCH = YES;
				SDKROOT = iphoneos;
				SWIFT_ACTIVE_COMPILATION_CONDITIONS = DEBUG;
				SWIFT_OPTIMIZATION_LEVEL = "-Onone";
			};
			name = Debug;
		};
		C32EDB9326FC905100F6BC53 /* Release */ = {
			isa = XCBuildConfiguration;
			buildSettings = {
				ALWAYS_SEARCH_USER_PATHS = NO;
				CLANG_ANALYZER_NONNULL = YES;
				CLANG_ANALYZER_NUMBER_OBJECT_CONVERSION = YES_AGGRESSIVE;
				CLANG_CXX_LANGUAGE_STANDARD = "gnu++14";
				CLANG_CXX_LIBRARY = "libc++";
				CLANG_ENABLE_MODULES = YES;
				CLANG_ENABLE_OBJC_ARC = YES;
				CLANG_ENABLE_OBJC_WEAK = YES;
				CLANG_WARN_BLOCK_CAPTURE_AUTORELEASING = YES;
				CLANG_WARN_BOOL_CONVERSION = YES;
				CLANG_WARN_COMMA = YES;
				CLANG_WARN_CONSTANT_CONVERSION = YES;
				CLANG_WARN_DEPRECATED_OBJC_IMPLEMENTATIONS = YES;
				CLANG_WARN_DIRECT_OBJC_ISA_USAGE = YES_ERROR;
				CLANG_WARN_DOCUMENTATION_COMMENTS = YES;
				CLANG_WARN_EMPTY_BODY = YES;
				CLANG_WARN_ENUM_CONVERSION = YES;
				CLANG_WARN_INFINITE_RECURSION = YES;
				CLANG_WARN_INT_CONVERSION = YES;
				CLANG_WARN_NON_LITERAL_NULL_CONVERSION = YES;
				CLANG_WARN_OBJC_IMPLICIT_RETAIN_SELF = YES;
				CLANG_WARN_OBJC_LITERAL_CONVERSION = YES;
				CLANG_WARN_OBJC_ROOT_CLASS = YES_ERROR;
				CLANG_WARN_QUOTED_INCLUDE_IN_FRAMEWORK_HEADER = YES;
				CLANG_WARN_RANGE_LOOP_ANALYSIS = YES;
				CLANG_WARN_STRICT_PROTOTYPES = YES;
				CLANG_WARN_SUSPICIOUS_MOVE = YES;
				CLANG_WARN_UNGUARDED_AVAILABILITY = YES_AGGRESSIVE;
				CLANG_WARN_UNREACHABLE_CODE = YES;
				CLANG_WARN__DUPLICATE_METHOD_MATCH = YES;
				COPY_PHASE_STRIP = NO;
				DEBUG_INFORMATION_FORMAT = "dwarf-with-dsym";
				ENABLE_NS_ASSERTIONS = NO;
				ENABLE_STRICT_OBJC_MSGSEND = YES;
				GCC_C_LANGUAGE_STANDARD = gnu11;
				GCC_NO_COMMON_BLOCKS = YES;
				GCC_WARN_64_TO_32_BIT_CONVERSION = YES;
				GCC_WARN_ABOUT_RETURN_TYPE = YES_ERROR;
				GCC_WARN_UNDECLARED_SELECTOR = YES;
				GCC_WARN_UNINITIALIZED_AUTOS = YES_AGGRESSIVE;
				GCC_WARN_UNUSED_FUNCTION = YES;
				GCC_WARN_UNUSED_VARIABLE = YES;
				IPHONEOS_DEPLOYMENT_TARGET = 14.1;
				MTL_ENABLE_DEBUG_INFO = NO;
				MTL_FAST_MATH = YES;
				SDKROOT = iphoneos;
				SWIFT_COMPILATION_MODE = wholemodule;
				SWIFT_OPTIMIZATION_LEVEL = "-O";
				VALIDATE_PRODUCT = YES;
			};
			name = Release;
		};
		C32EDB9526FC905100F6BC53 /* Debug */ = {
			isa = XCBuildConfiguration;
			baseConfigurationReference = 1F53E3EC9B88F9C7C7D71BF7 /* Pods-OpenMarket.debug.xcconfig */;
			buildSettings = {
				ASSETCATALOG_COMPILER_APPICON_NAME = AppIcon;
				ASSETCATALOG_COMPILER_GLOBAL_ACCENT_COLOR_NAME = AccentColor;
				CODE_SIGN_STYLE = Automatic;
				DEVELOPMENT_TEAM = 3NNGLKCK57;
				INFOPLIST_FILE = OpenMarket/Info.plist;
				LD_RUNPATH_SEARCH_PATHS = (
					"$(inherited)",
					"@executable_path/Frameworks",
				);
				PRODUCT_BUNDLE_IDENTIFIER = young.OpenMarket;
				PRODUCT_NAME = "$(TARGET_NAME)";
				SWIFT_VERSION = 5.0;
				TARGETED_DEVICE_FAMILY = "1,2";
			};
			name = Debug;
		};
		C32EDB9626FC905100F6BC53 /* Release */ = {
			isa = XCBuildConfiguration;
			baseConfigurationReference = 61CDA78FE88213494D028A3D /* Pods-OpenMarket.release.xcconfig */;
			buildSettings = {
				ASSETCATALOG_COMPILER_APPICON_NAME = AppIcon;
				ASSETCATALOG_COMPILER_GLOBAL_ACCENT_COLOR_NAME = AccentColor;
				CODE_SIGN_STYLE = Automatic;
				DEVELOPMENT_TEAM = 3NNGLKCK57;
				INFOPLIST_FILE = OpenMarket/Info.plist;
				LD_RUNPATH_SEARCH_PATHS = (
					"$(inherited)",
					"@executable_path/Frameworks",
				);
				PRODUCT_BUNDLE_IDENTIFIER = young.OpenMarket;
				PRODUCT_NAME = "$(TARGET_NAME)";
				SWIFT_VERSION = 5.0;
				TARGETED_DEVICE_FAMILY = "1,2";
			};
			name = Release;
		};
		C32EDBBF26FC963A00F6BC53 /* Debug */ = {
			isa = XCBuildConfiguration;
			buildSettings = {
				BUNDLE_LOADER = "$(TEST_HOST)";
				CODE_SIGN_STYLE = Automatic;
				DEVELOPMENT_TEAM = 3NNGLKCK57;
				INFOPLIST_FILE = OpenMarketTests/Info.plist;
				LD_RUNPATH_SEARCH_PATHS = (
					"$(inherited)",
					"@executable_path/Frameworks",
					"@loader_path/Frameworks",
				);
				PRODUCT_BUNDLE_IDENTIFIER = young.OpenMarketTests;
				PRODUCT_NAME = "$(TARGET_NAME)";
				SWIFT_VERSION = 5.0;
				TARGETED_DEVICE_FAMILY = "1,2";
				TEST_HOST = "$(BUILT_PRODUCTS_DIR)/OpenMarket.app/OpenMarket";
			};
			name = Debug;
		};
		C32EDBC026FC963A00F6BC53 /* Release */ = {
			isa = XCBuildConfiguration;
			buildSettings = {
				BUNDLE_LOADER = "$(TEST_HOST)";
				CODE_SIGN_STYLE = Automatic;
				DEVELOPMENT_TEAM = 3NNGLKCK57;
				INFOPLIST_FILE = OpenMarketTests/Info.plist;
				LD_RUNPATH_SEARCH_PATHS = (
					"$(inherited)",
					"@executable_path/Frameworks",
					"@loader_path/Frameworks",
				);
				PRODUCT_BUNDLE_IDENTIFIER = young.OpenMarketTests;
				PRODUCT_NAME = "$(TARGET_NAME)";
				SWIFT_VERSION = 5.0;
				TARGETED_DEVICE_FAMILY = "1,2";
				TEST_HOST = "$(BUILT_PRODUCTS_DIR)/OpenMarket.app/OpenMarket";
			};
			name = Release;
		};
/* End XCBuildConfiguration section */

/* Begin XCConfigurationList section */
		C32EDB7B26FC904B00F6BC53 /* Build configuration list for PBXProject "OpenMarket" */ = {
			isa = XCConfigurationList;
			buildConfigurations = (
				C32EDB9226FC905100F6BC53 /* Debug */,
				C32EDB9326FC905100F6BC53 /* Release */,
			);
			defaultConfigurationIsVisible = 0;
			defaultConfigurationName = Release;
		};
		C32EDB9426FC905100F6BC53 /* Build configuration list for PBXNativeTarget "OpenMarket" */ = {
			isa = XCConfigurationList;
			buildConfigurations = (
				C32EDB9526FC905100F6BC53 /* Debug */,
				C32EDB9626FC905100F6BC53 /* Release */,
			);
			defaultConfigurationIsVisible = 0;
			defaultConfigurationName = Release;
		};
		C32EDBBE26FC963A00F6BC53 /* Build configuration list for PBXNativeTarget "OpenMarketTests" */ = {
			isa = XCConfigurationList;
			buildConfigurations = (
				C32EDBBF26FC963A00F6BC53 /* Debug */,
				C32EDBC026FC963A00F6BC53 /* Release */,
			);
			defaultConfigurationIsVisible = 0;
			defaultConfigurationName = Release;
		};
/* End XCConfigurationList section */
	};
	rootObject = C32EDB7826FC904B00F6BC53 /* Project object */;
}
